// !$*UTF8*$!
{
	archiveVersion = 1;
	classes = {
	};
	objectVersion = 50;
	objects = {

/* Begin PBXBuildFile section */
		445D92932346398400287603 /* AppDelegate.swift in Sources */ = {isa = PBXBuildFile; fileRef = 445D92922346398400287603 /* AppDelegate.swift */; };
		445D92952346398400287603 /* SceneDelegate.swift in Sources */ = {isa = PBXBuildFile; fileRef = 445D92942346398400287603 /* SceneDelegate.swift */; };
		445D92972346398400287603 /* ViewController.swift in Sources */ = {isa = PBXBuildFile; fileRef = 445D92962346398400287603 /* ViewController.swift */; };
		445D929A2346398400287603 /* Main.storyboard in Resources */ = {isa = PBXBuildFile; fileRef = 445D92982346398400287603 /* Main.storyboard */; };
		445D929C2346398500287603 /* Assets.xcassets in Resources */ = {isa = PBXBuildFile; fileRef = 445D929B2346398500287603 /* Assets.xcassets */; };
		445D929F2346398500287603 /* LaunchScreen.storyboard in Resources */ = {isa = PBXBuildFile; fileRef = 445D929D2346398500287603 /* LaunchScreen.storyboard */; };
		445D92A7234640CF00287603 /* Networking.swift in Sources */ = {isa = PBXBuildFile; fileRef = 445D92A6234640CF00287603 /* Networking.swift */; };
		445D92A92346421000287603 /* ArticlesTableVC.swift in Sources */ = {isa = PBXBuildFile; fileRef = 445D92A82346421000287603 /* ArticlesTableVC.swift */; };
		445D92AB2346428100287603 /* ArticleWebVC.swift in Sources */ = {isa = PBXBuildFile; fileRef = 445D92AA2346428100287603 /* ArticleWebVC.swift */; };
		7A33D91CFAD90F5D4354AD59 /* Pods_NewsMediaMachine.framework in Frameworks */ = {isa = PBXBuildFile; fileRef = FB76F6B2F6C20FC5F98911C0 /* Pods_NewsMediaMachine.framework */; };
/* End PBXBuildFile section */

/* Begin PBXFileReference section */
		445D928F2346398400287603 /* NewsMediaMachine.app */ = {isa = PBXFileReference; explicitFileType = wrapper.application; includeInIndex = 0; path = NewsMediaMachine.app; sourceTree = BUILT_PRODUCTS_DIR; };
		445D92922346398400287603 /* AppDelegate.swift */ = {isa = PBXFileReference; lastKnownFileType = sourcecode.swift; path = AppDelegate.swift; sourceTree = "<group>"; };
		445D92942346398400287603 /* SceneDelegate.swift */ = {isa = PBXFileReference; lastKnownFileType = sourcecode.swift; path = SceneDelegate.swift; sourceTree = "<group>"; };
		445D92962346398400287603 /* ViewController.swift */ = {isa = PBXFileReference; lastKnownFileType = sourcecode.swift; path = ViewController.swift; sourceTree = "<group>"; };
		445D92992346398400287603 /* Base */ = {isa = PBXFileReference; lastKnownFileType = file.storyboard; name = Base; path = Base.lproj/Main.storyboard; sourceTree = "<group>"; };
		445D929B2346398500287603 /* Assets.xcassets */ = {isa = PBXFileReference; lastKnownFileType = folder.assetcatalog; path = Assets.xcassets; sourceTree = "<group>"; };
		445D929E2346398500287603 /* Base */ = {isa = PBXFileReference; lastKnownFileType = file.storyboard; name = Base; path = Base.lproj/LaunchScreen.storyboard; sourceTree = "<group>"; };
		445D92A02346398500287603 /* Info.plist */ = {isa = PBXFileReference; lastKnownFileType = text.plist.xml; path = Info.plist; sourceTree = "<group>"; };
		445D92A6234640CF00287603 /* Networking.swift */ = {isa = PBXFileReference; lastKnownFileType = sourcecode.swift; path = Networking.swift; sourceTree = "<group>"; };
		445D92A82346421000287603 /* ArticlesTableVC.swift */ = {isa = PBXFileReference; lastKnownFileType = sourcecode.swift; path = ArticlesTableVC.swift; sourceTree = "<group>"; };
		445D92AA2346428100287603 /* ArticleWebVC.swift */ = {isa = PBXFileReference; lastKnownFileType = sourcecode.swift; path = ArticleWebVC.swift; sourceTree = "<group>"; };
		68004BB9146D465AE1B90E8E /* Pods-NewsMediaMachine.debug.xcconfig */ = {isa = PBXFileReference; includeInIndex = 1; lastKnownFileType = text.xcconfig; name = "Pods-NewsMediaMachine.debug.xcconfig"; path = "Pods/Target Support Files/Pods-NewsMediaMachine/Pods-NewsMediaMachine.debug.xcconfig"; sourceTree = "<group>"; };
		AAF3EE2A806066D6F456E915 /* Pods-NewsMediaMachine.release.xcconfig */ = {isa = PBXFileReference; includeInIndex = 1; lastKnownFileType = text.xcconfig; name = "Pods-NewsMediaMachine.release.xcconfig"; path = "Pods/Target Support Files/Pods-NewsMediaMachine/Pods-NewsMediaMachine.release.xcconfig"; sourceTree = "<group>"; };
		FB76F6B2F6C20FC5F98911C0 /* Pods_NewsMediaMachine.framework */ = {isa = PBXFileReference; explicitFileType = wrapper.framework; includeInIndex = 0; path = Pods_NewsMediaMachine.framework; sourceTree = BUILT_PRODUCTS_DIR; };
/* End PBXFileReference section */

/* Begin PBXFrameworksBuildPhase section */
		445D928C2346398400287603 /* Frameworks */ = {
			isa = PBXFrameworksBuildPhase;
			buildActionMask = 2147483647;
			files = (
				7A33D91CFAD90F5D4354AD59 /* Pods_NewsMediaMachine.framework in Frameworks */,
			);
			runOnlyForDeploymentPostprocessing = 0;
		};
/* End PBXFrameworksBuildPhase section */

/* Begin PBXGroup section */
		3B3D148EFB3B7E5E3B6949E7 /* Pods */ = {
			isa = PBXGroup;
			children = (
				68004BB9146D465AE1B90E8E /* Pods-NewsMediaMachine.debug.xcconfig */,
				AAF3EE2A806066D6F456E915 /* Pods-NewsMediaMachine.release.xcconfig */,
			);
			name = Pods;
			sourceTree = "<group>";
		};
		445D92862346398400287603 = {
			isa = PBXGroup;
			children = (
				445D92912346398400287603 /* NewsMediaMachine */,
				445D92902346398400287603 /* Products */,
				3B3D148EFB3B7E5E3B6949E7 /* Pods */,
				4EDE558C9E8B54C172184B79 /* Frameworks */,
			);
			sourceTree = "<group>";
		};
		445D92902346398400287603 /* Products */ = {
			isa = PBXGroup;
			children = (
				445D928F2346398400287603 /* NewsMediaMachine.app */,
			);
			name = Products;
			sourceTree = "<group>";
		};
		445D92912346398400287603 /* NewsMediaMachine */ = {
			isa = PBXGroup;
			children = (
				445D92A6234640CF00287603 /* Networking.swift */,
				445D92A82346421000287603 /* ArticlesTableVC.swift */,
				445D92AA2346428100287603 /* ArticleWebVC.swift */,
				445D92922346398400287603 /* AppDelegate.swift */,
				445D92942346398400287603 /* SceneDelegate.swift */,
				445D92962346398400287603 /* ViewController.swift */,
				445D92982346398400287603 /* Main.storyboard */,
				445D929B2346398500287603 /* Assets.xcassets */,
				445D929D2346398500287603 /* LaunchScreen.storyboard */,
				445D92A02346398500287603 /* Info.plist */,
			);
			path = NewsMediaMachine;
			sourceTree = "<group>";
		};
		4EDE558C9E8B54C172184B79 /* Frameworks */ = {
			isa = PBXGroup;
			children = (
				FB76F6B2F6C20FC5F98911C0 /* Pods_NewsMediaMachine.framework */,
			);
			name = Frameworks;
			sourceTree = "<group>";
		};
/* End PBXGroup section */

/* Begin PBXNativeTarget section */
		445D928E2346398400287603 /* NewsMediaMachine */ = {
			isa = PBXNativeTarget;
			buildConfigurationList = 445D92A32346398500287603 /* Build configuration list for PBXNativeTarget "NewsMediaMachine" */;
			buildPhases = (
				39B4B54FD5DF5F2257F5C651 /* [CP] Check Pods Manifest.lock */,
				445D928B2346398400287603 /* Sources */,
				445D928C2346398400287603 /* Frameworks */,
				445D928D2346398400287603 /* Resources */,
				7AA3C20FBF94FFE4EC0A840E /* [CP] Embed Pods Frameworks */,
			);
			buildRules = (
			);
			dependencies = (
			);
			name = NewsMediaMachine;
			productName = NewsMediaMachine;
			productReference = 445D928F2346398400287603 /* NewsMediaMachine.app */;
			productType = "com.apple.product-type.application";
		};
/* End PBXNativeTarget section */

/* Begin PBXProject section */
		445D92872346398400287603 /* Project object */ = {
			isa = PBXProject;
			attributes = {
				LastSwiftUpdateCheck = 1100;
				LastUpgradeCheck = 1100;
				ORGANIZATIONNAME = "Nazar Petruk";
				TargetAttributes = {
					445D928E2346398400287603 = {
						CreatedOnToolsVersion = 11.0;
					};
				};
			};
			buildConfigurationList = 445D928A2346398400287603 /* Build configuration list for PBXProject "NewsMediaMachine" */;
			compatibilityVersion = "Xcode 9.3";
			developmentRegion = en;
			hasScannedForEncodings = 0;
			knownRegions = (
				en,
				Base,
			);
			mainGroup = 445D92862346398400287603;
			productRefGroup = 445D92902346398400287603 /* Products */;
			projectDirPath = "";
			projectRoot = "";
			targets = (
				445D928E2346398400287603 /* NewsMediaMachine */,
			);
		};
/* End PBXProject section */

/* Begin PBXResourcesBuildPhase section */
		445D928D2346398400287603 /* Resources */ = {
			isa = PBXResourcesBuildPhase;
			buildActionMask = 2147483647;
			files = (
				445D929F2346398500287603 /* LaunchScreen.storyboard in Resources */,
				445D929C2346398500287603 /* Assets.xcassets in Resources */,
				445D929A2346398400287603 /* Main.storyboard in Resources */,
			);
			runOnlyForDeploymentPostprocessing = 0;
		};
/* End PBXResourcesBuildPhase section */

/* Begin PBXShellScriptBuildPhase section */
		39B4B54FD5DF5F2257F5C651 /* [CP] Check Pods Manifest.lock */ = {
			isa = PBXShellScriptBuildPhase;
			buildActionMask = 2147483647;
			files = (
			);
			inputPaths = (
				"${PODS_PODFILE_DIR_PATH}/Podfile.lock",
				"${PODS_ROOT}/Manifest.lock",
			);
			name = "[CP] Check Pods Manifest.lock";
			outputPaths = (
				"$(DERIVED_FILE_DIR)/Pods-NewsMediaMachine-checkManifestLockResult.txt",
			);
			runOnlyForDeploymentPostprocessing = 0;
			shellPath = /bin/sh;
			shellScript = "diff \"${PODS_PODFILE_DIR_PATH}/Podfile.lock\" \"${PODS_ROOT}/Manifest.lock\" > /dev/null\nif [ $? != 0 ] ; then\n    # print error to STDERR\n    echo \"error: The sandbox is not in sync with the Podfile.lock. Run 'pod install' or update your CocoaPods installation.\" >&2\n    exit 1\nfi\n# This output is used by Xcode 'outputs' to avoid re-running this script phase.\necho \"SUCCESS\" > \"${SCRIPT_OUTPUT_FILE_0}\"\n";
			showEnvVarsInLog = 0;
		};
		7AA3C20FBF94FFE4EC0A840E /* [CP] Embed Pods Frameworks */ = {
			isa = PBXShellScriptBuildPhase;
			buildActionMask = 2147483647;
			files = (
			);
			inputPaths = (
				"${SRCROOT}/Pods/Target Support Files/Pods-NewsMediaMachine/Pods-NewsMediaMachine-frameworks.sh",
				"${BUILT_PRODUCTS_DIR}/Alamofire/Alamofire.framework",
			);
			name = "[CP] Embed Pods Frameworks";
			outputPaths = (
				"${TARGET_BUILD_DIR}/${FRAMEWORKS_FOLDER_PATH}/Alamofire.framework",
			);
			runOnlyForDeploymentPostprocessing = 0;
			shellPath = /bin/sh;
			shellScript = "\"${SRCROOT}/Pods/Target Support Files/Pods-NewsMediaMachine/Pods-NewsMediaMachine-frameworks.sh\"\n";
			showEnvVarsInLog = 0;
		};
/* End PBXShellScriptBuildPhase section */

/* Begin PBXSourcesBuildPhase section */
		445D928B2346398400287603 /* Sources */ = {
			isa = PBXSourcesBuildPhase;
			buildActionMask = 2147483647;
			files = (
				445D92972346398400287603 /* ViewController.swift in Sources */,
				445D92A7234640CF00287603 /* Networking.swift in Sources */,
				445D92932346398400287603 /* AppDelegate.swift in Sources */,
				445D92A92346421000287603 /* ArticlesTableVC.swift in Sources */,
				445D92AB2346428100287603 /* ArticleWebVC.swift in Sources */,
				445D92952346398400287603 /* SceneDelegate.swift in Sources */,
			);
			runOnlyForDeploymentPostprocessing = 0;
		};
/* End PBXSourcesBuildPhase section */

/* Begin PBXVariantGroup section */
		445D92982346398400287603 /* Main.storyboard */ = {
			isa = PBXVariantGroup;
			children = (
				445D92992346398400287603 /* Base */,
			);
			name = Main.storyboard;
			sourceTree = "<group>";
		};
		445D929D2346398500287603 /* LaunchScreen.storyboard */ = {
			isa = PBXVariantGroup;
			children = (
				445D929E2346398500287603 /* Base */,
			);
			name = LaunchScreen.storyboard;
			sourceTree = "<group>";
		};
/* End PBXVariantGroup section */

/* Begin XCBuildConfiguration section */
		445D92A12346398500287603 /* Debug */ = {
			isa = XCBuildConfiguration;
			buildSettings = {
				ALWAYS_SEARCH_USER_PATHS = NO;
				CLANG_ANALYZER_NONNULL = YES;
				CLANG_ANALYZER_NUMBER_OBJECT_CONVERSION = YES_AGGRESSIVE;
				CLANG_CXX_LANGUAGE_STANDARD = "gnu++14";
				CLANG_CXX_LIBRARY = "libc++";
				CLANG_ENABLE_MODULES = YES;
				CLANG_ENABLE_OBJC_ARC = YES;
				CLANG_ENABLE_OBJC_WEAK = YES;
				CLANG_WARN_BLOCK_CAPTURE_AUTORELEASING = YES;
				CLANG_WARN_BOOL_CONVERSION = YES;
				CLANG_WARN_COMMA = YES;
				CLANG_WARN_CONSTANT_CONVERSION = YES;
				CLANG_WARN_DEPRECATED_OBJC_IMPLEMENTATIONS = YES;
				CLANG_WARN_DIRECT_OBJC_ISA_USAGE = YES_ERROR;
				CLANG_WARN_DOCUMENTATION_COMMENTS = YES;
				CLANG_WARN_EMPTY_BODY = YES;
				CLANG_WARN_ENUM_CONVERSION = YES;
				CLANG_WARN_INFINITE_RECURSION = YES;
				CLANG_WARN_INT_CONVERSION = YES;
				CLANG_WARN_NON_LITERAL_NULL_CONVERSION = YES;
				CLANG_WARN_OBJC_IMPLICIT_RETAIN_SELF = YES;
				CLANG_WARN_OBJC_LITERAL_CONVERSION = YES;
				CLANG_WARN_OBJC_ROOT_CLASS = YES_ERROR;
				CLANG_WARN_RANGE_LOOP_ANALYSIS = YES;
				CLANG_WARN_STRICT_PROTOTYPES = YES;
				CLANG_WARN_SUSPICIOUS_MOVE = YES;
				CLANG_WARN_UNGUARDED_AVAILABILITY = YES_AGGRESSIVE;
				CLANG_WARN_UNREACHABLE_CODE = YES;
				CLANG_WARN__DUPLICATE_METHOD_MATCH = YES;
				COPY_PHASE_STRIP = NO;
				DEBUG_INFORMATION_FORMAT = dwarf;
				ENABLE_STRICT_OBJC_MSGSEND = YES;
				ENABLE_TESTABILITY = YES;
				GCC_C_LANGUAGE_STANDARD = gnu11;
				GCC_DYNAMIC_NO_PIC = NO;
				GCC_NO_COMMON_BLOCKS = YES;
				GCC_OPTIMIZATION_LEVEL = 0;
				GCC_PREPROCESSOR_DEFINITIONS = (
					"DEBUG=1",
					"$(inherited)",
				);
				GCC_WARN_64_TO_32_BIT_CONVERSION = YES;
				GCC_WARN_ABOUT_RETURN_TYPE = YES_ERROR;
				GCC_WARN_UNDECLARED_SELECTOR = YES;
				GCC_WARN_UNINITIALIZED_AUTOS = YES_AGGRESSIVE;
				GCC_WARN_UNUSED_FUNCTION = YES;
				GCC_WARN_UNUSED_VARIABLE = YES;
				IPHONEOS_DEPLOYMENT_TARGET = 13.0;
				MTL_ENABLE_DEBUG_INFO = INCLUDE_SOURCE;
				MTL_FAST_MATH = YES;
				ONLY_ACTIVE_ARCH = YES;
				SDKROOT = iphoneos;
				SWIFT_ACTIVE_COMPILATION_CONDITIONS = DEBUG;
				SWIFT_OPTIMIZATION_LEVEL = "-Onone";
			};
			name = Debug;
		};
		445D92A22346398500287603 /* Release */ = {
			isa = XCBuildConfiguration;
			buildSettings = {
				ALWAYS_SEARCH_USER_PATHS = NO;
				CLANG_ANALYZER_NONNULL = YES;
				CLANG_ANALYZER_NUMBER_OBJECT_CONVERSION = YES_AGGRESSIVE;
				CLANG_CXX_LANGUAGE_STANDARD = "gnu++14";
				CLANG_CXX_LIBRARY = "libc++";
				CLANG_ENABLE_MODULES = YES;
				CLANG_ENABLE_OBJC_ARC = YES;
				CLANG_ENABLE_OBJC_WEAK = YES;
				CLANG_WARN_BLOCK_CAPTURE_AUTORELEASING = YES;
				CLANG_WARN_BOOL_CONVERSION = YES;
				CLANG_WARN_COMMA = YES;
				CLANG_WARN_CONSTANT_CONVERSION = YES;
				CLANG_WARN_DEPRECATED_OBJC_IMPLEMENTATIONS = YES;
				CLANG_WARN_DIRECT_OBJC_ISA_USAGE = YES_ERROR;
				CLANG_WARN_DOCUMENTATION_COMMENTS = YES;
				CLANG_WARN_EMPTY_BODY = YES;
				CLANG_WARN_ENUM_CONVERSION = YES;
				CLANG_WARN_INFINITE_RECURSION = YES;
				CLANG_WARN_INT_CONVERSION = YES;
				CLANG_WARN_NON_LITERAL_NULL_CONVERSION = YES;
				CLANG_WARN_OBJC_IMPLICIT_RETAIN_SELF = YES;
				CLANG_WARN_OBJC_LITERAL_CONVERSION = YES;
				CLANG_WARN_OBJC_ROOT_CLASS = YES_ERROR;
				CLANG_WARN_RANGE_LOOP_ANALYSIS = YES;
				CLANG_WARN_STRICT_PROTOTYPES = YES;
				CLANG_WARN_SUSPICIOUS_MOVE = YES;
				CLANG_WARN_UNGUARDED_AVAILABILITY = YES_AGGRESSIVE;
				CLANG_WARN_UNREACHABLE_CODE = YES;
				CLANG_WARN__DUPLICATE_METHOD_MATCH = YES;
				COPY_PHASE_STRIP = NO;
				DEBUG_INFORMATION_FORMAT = "dwarf-with-dsym";
				ENABLE_NS_ASSERTIONS = NO;
				ENABLE_STRICT_OBJC_MSGSEND = YES;
				GCC_C_LANGUAGE_STANDARD = gnu11;
				GCC_NO_COMMON_BLOCKS = YES;
				GCC_WARN_64_TO_32_BIT_CONVERSION = YES;
				GCC_WARN_ABOUT_RETURN_TYPE = YES_ERROR;
				GCC_WARN_UNDECLARED_SELECTOR = YES;
				GCC_WARN_UNINITIALIZED_AUTOS = YES_AGGRESSIVE;
				GCC_WARN_UNUSED_FUNCTION = YES;
				GCC_WARN_UNUSED_VARIABLE = YES;
				IPHONEOS_DEPLOYMENT_TARGET = 13.0;
				MTL_ENABLE_DEBUG_INFO = NO;
				MTL_FAST_MATH = YES;
				SDKROOT = iphoneos;
				SWIFT_COMPILATION_MODE = wholemodule;
				SWIFT_OPTIMIZATION_LEVEL = "-O";
				VALIDATE_PRODUCT = YES;
			};
			name = Release;
		};
		445D92A42346398500287603 /* Debug */ = {
			isa = XCBuildConfiguration;
			baseConfigurationReference = 68004BB9146D465AE1B90E8E /* Pods-NewsMediaMachine.debug.xcconfig */;
			buildSettings = {
				ASSETCATALOG_COMPILER_APPICON_NAME = AppIcon;
				CODE_SIGN_STYLE = Automatic;
				DEVELOPMENT_TEAM = PRZ43Q4HD7;
				INFOPLIST_FILE = NewsMediaMachine/Info.plist;
				LD_RUNPATH_SEARCH_PATHS = (
					"$(inherited)",
					"@executable_path/Frameworks",
				);
				PRODUCT_BUNDLE_IDENTIFIER = com.nazarDev.NewsMediaMachine;
				PRODUCT_NAME = "$(TARGET_NAME)";
				SWIFT_VERSION = 5.0;
				TARGETED_DEVICE_FAMILY = 1;
			};
			name = Debug;
		};
		445D92A52346398500287603 /* Release */ = {
			isa = XCBuildConfiguration;
			baseConfigurationReference = AAF3EE2A806066D6F456E915 /* Pods-NewsMediaMachine.release.xcconfig */;
			buildSettings = {
				ASSETCATALOG_COMPILER_APPICON_NAME = AppIcon;
				CODE_SIGN_STYLE = Automatic;
				DEVELOPMENT_TEAM = PRZ43Q4HD7;
				INFOPLIST_FILE = NewsMediaMachine/Info.plist;
				LD_RUNPATH_SEARCH_PATHS = (
					"$(inherited)",
					"@executable_path/Frameworks",
				);
				PRODUCT_BUNDLE_IDENTIFIER = com.nazarDev.NewsMediaMachine;
				PRODUCT_NAME = "$(TARGET_NAME)";
				SWIFT_VERSION = 5.0;
				TARGETED_DEVICE_FAMILY = 1;
			};
			name = Release;
		};
/* End XCBuildConfiguration section */

/* Begin XCConfigurationList section */
		445D928A2346398400287603 /* Build configuration list for PBXProject "NewsMediaMachine" */ = {
			isa = XCConfigurationList;
			buildConfigurations = (
				445D92A12346398500287603 /* Debug */,
				445D92A22346398500287603 /* Release */,
			);
			defaultConfigurationIsVisible = 0;
			defaultConfigurationName = Release;
		};
		445D92A32346398500287603 /* Build configuration list for PBXNativeTarget "NewsMediaMachine" */ = {
			isa = XCConfigurationList;
			buildConfigurations = (
				445D92A42346398500287603 /* Debug */,
				445D92A52346398500287603 /* Release */,
			);
			defaultConfigurationIsVisible = 0;
			defaultConfigurationName = Release;
		};
/* End XCConfigurationList section */
	};
	rootObject = 445D92872346398400287603 /* Project object */;
}
